
Microsoft Visual Studio Solution File, Format Version 12.00
# Visual Studio Version 16
VisualStudioVersion = 16.0.33214.272
MinimumVisualStudioVersion = 10.0.40219.1
Project("{FAE04EC0-301F-11D3-BF4B-00C04F79EFBC}") = "EmprestimoLivros.API", "EmprestimoLivros.API\EmprestimoLivros.API.csproj", "{11688B2A-17F5-4110-9C94-12C4DF065FB6}"
EndProject
Global
	GlobalSection(SolutionConfigurationPlatforms) = preSolution
		Debug|Any CPU = Debug|Any CPU
		Release|Any CPU = Release|Any CPU
	EndGlobalSection
	GlobalSection(ProjectConfigurationPlatforms) = postSolution
		{11688B2A-17F5-4110-9C94-12C4DF065FB6}.Debug|Any CPU.ActiveCfg = Debug|Any CPU
		{11688B2A-17F5-4110-9C94-12C4DF065FB6}.Debug|Any CPU.Build.0 = Debug|Any CPU
		{11688B2A-17F5-4110-9C94-12C4DF065FB6}.Release|Any CPU.ActiveCfg = Release|Any CPU
		{11688B2A-17F5-4110-9C94-12C4DF065FB6}.Release|Any CPU.Build.0 = Release|Any CPU
	EndGlobalSection
	GlobalSection(SolutionProperties) = preSolution
		HideSolutionNode = FALSE
	EndGlobalSection
	GlobalSection(ExtensibilityGlobals) = postSolution
		SolutionGuid = {0B12300F-2F13-423E-B666-B2328A93B2C5}
	EndGlobalSection
EndGlobal
